nested:
 nested:
  nested:
   nested:
    nested:
     nested:
      nested:
       nested:
        nested:
         nested:
          nested:
           nested:
            nested:
             nested:
              nested:
               nested:
                nested:
                 nested:
                  nested:
                   nested:
                    nested:
                     nested:
                      nested:
                       nested:
                        nested:
                         nested:
                          nested:
                           nested:
                            nested:
                             nested:
                              nested:
                               nested:
                                nested:
                                 nested:
                                  nested:
                                   nested:
                                    nested:
                                     nested:
                                      nested:
                                       nested:
                                        nested:
                                         nested:
                                          nested:
                                           nested:
                                            nested:
                                             nested:
                                              nested:
                                               nested:
                                                nested:
                                                 nested:
                                                  nested:
                                                   nested:
                                                    nested:
                                                     nested:
                                                      nested:
                                                       nested:
                                                        nested:
                                                         nested:
                                                          nested:
                                                           nested:
                                                            nested:
                                                             nested:
                                                              nested:
                                                               nested:
                                                                nested:
                                                                 nested:
                                                                  nested:
                                                                   nested:
                                                                    nested:
                                                                     nested:
                                                                      nested:
                                                                       nested:
                                                                        nested:
                                                                         nested:
                                                                          nested:
                                                                           nested:
                                                                            nested:
                                                                             nested:
                                                                              nested:
                                                                               nested:
                                                                                nested:
                                                                                 nested:
                                                                                  nested:
                                                                                   nested:
                                                                                    nested:
                                                                                     nested:
                                                                                      nested:
                                                                                       nested:
                                                                                        nested:
                                                                                         nested:
                                                                                          nested:
                                                                                           nested:
                                                                                            nested:
                                                                                             nested:
                                                                                              nested:
                                                                                               nested:
                                                                                                nested:
                                                                                                 nested:
                                                                                                  nested:
                                                                                                   nested:
                                                                                                    nested:
                                                                                                     nested:
                                                                                                      nested:
                                                                                                       nested:
                                                                                                        nested:
                                                                                                         nested:
                                                                                                          nested:
                                                                                                           nested:
                                                                                                            nested:
                                                                                                             nested:
                                                                                                              nested:
                                                                                                               nested:
                                                                                                                nested:
                                                                                                                 nested:
                                                                                                                  nested:
                                                                                                                   nested:
                                                                                                                    nested:
                                                                                                                     nested:
                                                                                                                      nested:
                                                                                                                       nested:
                                                                                                                        nested:
                                                                                                                         nested:
                                                                                                                          nested:
                                                                                                                           nested:
                                                                                                                            nested:
                                                                                                                             nested:
                                                                                                                              nested:
                                                                                                                               nested:
                                                                                                                                bottom
